
Microsoft Visual Studio Solution File, Format Version 12.00
# Visual Studio Version 17
VisualStudioVersion = 17.0.32112.339
MinimumVisualStudioVersion = 10.0.40219.1
Project("{FAE04EC0-301F-11D3-BF4B-00C04F79EFBC}") = "CallAPITest", "CallAPITest\CallAPITest.csproj", "{EB04582A-DD9E-444F-9367-C1D4D2CE84C2}"
EndProject
Global
	GlobalSection(SolutionConfigurationPlatforms) = preSolution
		Debug|Any CPU = Debug|Any CPU
		Release|Any CPU = Release|Any CPU
	EndGlobalSection
	GlobalSection(ProjectConfigurationPlatforms) = postSolution
		{EB04582A-DD9E-444F-9367-C1D4D2CE84C2}.Debug|Any CPU.ActiveCfg = Debug|Any CPU
		{EB04582A-DD9E-444F-9367-C1D4D2CE84C2}.Debug|Any CPU.Build.0 = Debug|Any CPU
		{EB04582A-DD9E-444F-9367-C1D4D2CE84C2}.Release|Any CPU.ActiveCfg = Release|Any CPU
		{EB04582A-DD9E-444F-9367-C1D4D2CE84C2}.Release|Any CPU.Build.0 = Release|Any CPU
	EndGlobalSection
	GlobalSection(SolutionProperties) = preSolution
		HideSolutionNode = FALSE
	EndGlobalSection
	GlobalSection(ExtensibilityGlobals) = postSolution
		SolutionGuid = {8453FAF6-1328-4E93-B3B9-B5DB097BA255}
	EndGlobalSection
EndGlobal
